Microsoft Visual Studio Solution File, Format Version 12.00
# Visual Studio Version 17
VisualStudioVersion = 17.5.2.0
MinimumVisualStudioVersion = 10.0.40219.1
Project("{FAE04EC0-301F-11D3-BF4B-00C04F79EFBC}") = "9-shape", "9-shape.csproj", "{A9F8F318-9737-9903-78CE-5A40E9861093}"
EndProject
Global
	GlobalSection(SolutionConfigurationPlatforms) = preSolution
		Debug|Any CPU = Debug|Any CPU
		Release|Any CPU = Release|Any CPU
	EndGlobalSection
	GlobalSection(ProjectConfigurationPlatforms) = postSolution
		{A9F8F318-9737-9903-78CE-5A40E9861093}.Debug|Any CPU.ActiveCfg = Debug|Any CPU
		{A9F8F318-9737-9903-78CE-5A40E9861093}.Debug|Any CPU.Build.0 = Debug|Any CPU
		{A9F8F318-9737-9903-78CE-5A40E9861093}.Release|Any CPU.ActiveCfg = Release|Any CPU
		{A9F8F318-9737-9903-78CE-5A40E9861093}.Release|Any CPU.Build.0 = Release|Any CPU
	EndGlobalSection
	GlobalSection(SolutionProperties) = preSolution
		HideSolutionNode = FALSE
	EndGlobalSection
	GlobalSection(ExtensibilityGlobals) = postSolution
		SolutionGuid = {8E40A39F-8BB6-4056-B513-AC3592EDD285}
	EndGlobalSection
EndGlobal
